
Microsoft Visual Studio Solution File, Format Version 12.00
# Visual Studio Version 16
VisualStudioVersion = 16.0.30804.86
MinimumVisualStudioVersion = 10.0.40219.1
Project("{9A19103F-16F7-4668-BE54-9A1E7A4F7556}") = "ChessComboCMS", "ChessComboCMS\ChessComboCMS.csproj", "{6C63AEB9-0939-4AB8-B418-76FC51EA964D}"
EndProject
Project("{2150E333-8FDC-42A3-9474-1A3956D46DE8}") = "Docker", "Docker", "{E3B9CE55-1257-4EFB-AF0D-DBCF1E240388}"
	ProjectSection(SolutionItems) = preProject
		..\Dockerfile = ..\Dockerfile
	EndProjectSection
EndProject
Project("{2150E333-8FDC-42A3-9474-1A3956D46DE8}") = "Solution Items", "Solution Items", "{825C1A87-1C42-48D2-8376-566918E322DB}"
	ProjectSection(SolutionItems) = preProject
		..\README.md = ..\README.md
	EndProjectSection
EndProject
Global
	GlobalSection(SolutionConfigurationPlatforms) = preSolution
		Debug|Any CPU = Debug|Any CPU
		Release|Any CPU = Release|Any CPU
	EndGlobalSection
	GlobalSection(ProjectConfigurationPlatforms) = postSolution
		{6C63AEB9-0939-4AB8-B418-76FC51EA964D}.Debug|Any CPU.ActiveCfg = Debug|Any CPU
		{6C63AEB9-0939-4AB8-B418-76FC51EA964D}.Debug|Any CPU.Build.0 = Debug|Any CPU
		{6C63AEB9-0939-4AB8-B418-76FC51EA964D}.Release|Any CPU.ActiveCfg = Release|Any CPU
		{6C63AEB9-0939-4AB8-B418-76FC51EA964D}.Release|Any CPU.Build.0 = Release|Any CPU
	EndGlobalSection
	GlobalSection(SolutionProperties) = preSolution
		HideSolutionNode = FALSE
	EndGlobalSection
	GlobalSection(ExtensibilityGlobals) = postSolution
		SolutionGuid = {321C513F-22FB-4F45-95A8-3B2AA32F1B62}
	EndGlobalSection
EndGlobal
